// !$*UTF8*$!
{
	archiveVersion = 1;
	classes = {
	};
	objectVersion = 56;
	objects = {

/* Begin PBXBuildFile section */
		0C797C7ABAC59F80DC7A7AE9 /* Pods_AK_NotesApp_AK_NotesAppUITests.framework in Frameworks */ = {isa = PBXBuildFile; fileRef = 797B5023C8A29A61BAD05326 /* Pods_AK_NotesApp_AK_NotesAppUITests.framework */; };
		38680AB50B0424767261B4B7 /* Pods_AK_NotesApp.framework in Frameworks */ = {isa = PBXBuildFile; fileRef = C1ABB3FB67F0A6C5F84D7F1A /* Pods_AK_NotesApp.framework */; };
		A52DB5162CC2F93C0047359E /* UIColor.swift in Sources */ = {isa = PBXBuildFile; fileRef = A52DB5152CC2F93C0047359E /* UIColor.swift */; };
		A5A91ACF2CBC1BC60096C858 /* AK_NotesAppUITests.swift in Sources */ = {isa = PBXBuildFile; fileRef = A5A91ACC2CBC1BC60096C858 /* AK_NotesAppUITests.swift */; };
		A5A91AD02CBC1BC60096C858 /* AK_NotesAppUITestsLaunchTests.swift in Sources */ = {isa = PBXBuildFile; fileRef = A5A91ACD2CBC1BC60096C858 /* AK_NotesAppUITestsLaunchTests.swift */; };
		A5A91ADB2CBC1BC60096C858 /* AppDelegate.swift in Sources */ = {isa = PBXBuildFile; fileRef = A5A91AD12CBC1BC60096C858 /* AppDelegate.swift */; };
		A5A91ADC2CBC1BC60096C858 /* SceneDelegate.swift in Sources */ = {isa = PBXBuildFile; fileRef = A5A91AD82CBC1BC60096C858 /* SceneDelegate.swift */; };
		A5A91ADE2CBC1BC60096C858 /* Assets.xcassets in Resources */ = {isa = PBXBuildFile; fileRef = A5A91AD22CBC1BC60096C858 /* Assets.xcassets */; };
		A5A91AE02CBC1BC60096C858 /* LaunchScreen.storyboard in Resources */ = {isa = PBXBuildFile; fileRef = A5A91AD52CBC1BC60096C858 /* LaunchScreen.storyboard */; };
		A5A91AE42CBC1BC60096C858 /* AK_NotesAppTests.swift in Sources */ = {isa = PBXBuildFile; fileRef = A5A91AE22CBC1BC60096C858 /* AK_NotesAppTests.swift */; };
		A5C4320C2CEB080700A341F6 /* NoteService.swift in Sources */ = {isa = PBXBuildFile; fileRef = A5C4320B2CEB080700A341F6 /* NoteService.swift */; };
		A5C4320E2CEB20F400A341F6 /* String.swift in Sources */ = {isa = PBXBuildFile; fileRef = A5C4320D2CEB20F400A341F6 /* String.swift */; };
		A5C4321A2CEB81E200A341F6 /* NoteLayoutType.swift in Sources */ = {isa = PBXBuildFile; fileRef = A5C432192CEB81E200A341F6 /* NoteLayoutType.swift */; };
		A5C4321C2CEB825600A341F6 /* NoteListLayout.swift in Sources */ = {isa = PBXBuildFile; fileRef = A5C4321B2CEB825600A341F6 /* NoteListLayout.swift */; };
		A5C46A8F2CBF9ED3003D5774 /* EditNoteViewController.swift in Sources */ = {isa = PBXBuildFile; fileRef = A5C46A8E2CBF9ED3003D5774 /* EditNoteViewController.swift */; };
		A5C46A912CBF9EE1003D5774 /* EditNoteViewModel.swift in Sources */ = {isa = PBXBuildFile; fileRef = A5C46A902CBF9EE1003D5774 /* EditNoteViewModel.swift */; };
		A5C46A932CBF9EF5003D5774 /* NoteScreenViewController.swift in Sources */ = {isa = PBXBuildFile; fileRef = A5C46A922CBF9EF5003D5774 /* NoteScreenViewController.swift */; };
		A5C46A952CBF9EFD003D5774 /* NotesScreenViewModel.swift in Sources */ = {isa = PBXBuildFile; fileRef = A5C46A942CBF9EFD003D5774 /* NotesScreenViewModel.swift */; };
		A5C46A972CBFA7A3003D5774 /* NoteGalleryLayout.swift in Sources */ = {isa = PBXBuildFile; fileRef = A5C46A962CBFA7A3003D5774 /* NoteGalleryLayout.swift */; };
		A5C46A992CBFA7C4003D5774 /* NoteViewCell.swift in Sources */ = {isa = PBXBuildFile; fileRef = A5C46A982CBFA7C4003D5774 /* NoteViewCell.swift */; };
		A5C46A9B2CBFA7DB003D5774 /* NoteViewCellModel.swift in Sources */ = {isa = PBXBuildFile; fileRef = A5C46A9A2CBFA7DB003D5774 /* NoteViewCellModel.swift */; };
		A5C918862CD0606B001532CC /* Notes.swift in Sources */ = {isa = PBXBuildFile; fileRef = A5C918852CD0606B001532CC /* Notes.swift */; };
		A5E99F102CDD4516003BF7B0 /* Date.swift in Sources */ = {isa = PBXBuildFile; fileRef = A5E99F0F2CDD4516003BF7B0 /* Date.swift */; };
		A5E99F142CDDDDC6003BF7B0 /* Notes.xcdatamodeld in Sources */ = {isa = PBXBuildFile; fileRef = A5E99F122CDDDDC6003BF7B0 /* Notes.xcdatamodeld */; };
		A5E99F172CDE1366003BF7B0 /* CoreDataManager.swift in Sources */ = {isa = PBXBuildFile; fileRef = A5E99F162CDE1366003BF7B0 /* CoreDataManager.swift */; };
		B13AA1E1B3B99CE08A187965 /* Pods_AK_NotesAppTests.framework in Frameworks */ = {isa = PBXBuildFile; fileRef = 22699AEEEFE4607466C34796 /* Pods_AK_NotesAppTests.framework */; };
/* End PBXBuildFile section */

/* Begin PBXContainerItemProxy section */
		A5A91A992CBC17600096C858 /* PBXContainerItemProxy */ = {
			isa = PBXContainerItemProxy;
			containerPortal = A5A91A7A2CBC175E0096C858 /* Project object */;
			proxyType = 1;
			remoteGlobalIDString = A5A91A812CBC175E0096C858;
			remoteInfo = "AK-NotesApp";
		};
		A5A91AA32CBC17600096C858 /* PBXContainerItemProxy */ = {
			isa = PBXContainerItemProxy;
			containerPortal = A5A91A7A2CBC175E0096C858 /* Project object */;
			proxyType = 1;
			remoteGlobalIDString = A5A91A812CBC175E0096C858;
			remoteInfo = "AK-NotesApp";
		};
/* End PBXContainerItemProxy section */

/* Begin PBXFileReference section */
		22699AEEEFE4607466C34796 /* Pods_AK_NotesAppTests.framework */ = {isa = PBXFileReference; explicitFileType = wrapper.framework; includeInIndex = 0; path = Pods_AK_NotesAppTests.framework; sourceTree = BUILT_PRODUCTS_DIR; };
		47B5439EA0DEBD149DAAE488 /* Pods-AK-NotesAppTests.debug.xcconfig */ = {isa = PBXFileReference; includeInIndex = 1; lastKnownFileType = text.xcconfig; name = "Pods-AK-NotesAppTests.debug.xcconfig"; path = "Target Support Files/Pods-AK-NotesAppTests/Pods-AK-NotesAppTests.debug.xcconfig"; sourceTree = "<group>"; };
		75AE5002EC84DC7D57A9F7C6 /* Pods-AK-NotesApp-AK-NotesAppUITests.debug.xcconfig */ = {isa = PBXFileReference; includeInIndex = 1; lastKnownFileType = text.xcconfig; name = "Pods-AK-NotesApp-AK-NotesAppUITests.debug.xcconfig"; path = "Target Support Files/Pods-AK-NotesApp-AK-NotesAppUITests/Pods-AK-NotesApp-AK-NotesAppUITests.debug.xcconfig"; sourceTree = "<group>"; };
		76F18F04F7C73C61273367D6 /* Pods-AK-NotesAppTests.release.xcconfig */ = {isa = PBXFileReference; includeInIndex = 1; lastKnownFileType = text.xcconfig; name = "Pods-AK-NotesAppTests.release.xcconfig"; path = "Target Support Files/Pods-AK-NotesAppTests/Pods-AK-NotesAppTests.release.xcconfig"; sourceTree = "<group>"; };
		775077AE801C4AD181B617ED /* Pods-AK-NotesApp-AK-NotesAppUITests.release.xcconfig */ = {isa = PBXFileReference; includeInIndex = 1; lastKnownFileType = text.xcconfig; name = "Pods-AK-NotesApp-AK-NotesAppUITests.release.xcconfig"; path = "Target Support Files/Pods-AK-NotesApp-AK-NotesAppUITests/Pods-AK-NotesApp-AK-NotesAppUITests.release.xcconfig"; sourceTree = "<group>"; };
		797B5023C8A29A61BAD05326 /* Pods_AK_NotesApp_AK_NotesAppUITests.framework */ = {isa = PBXFileReference; explicitFileType = wrapper.framework; includeInIndex = 0; path = Pods_AK_NotesApp_AK_NotesAppUITests.framework; sourceTree = BUILT_PRODUCTS_DIR; };
		A52DB5152CC2F93C0047359E /* UIColor.swift */ = {isa = PBXFileReference; lastKnownFileType = sourcecode.swift; path = UIColor.swift; sourceTree = "<group>"; };
		A5A91A822CBC175E0096C858 /* AK-NotesApp.app */ = {isa = PBXFileReference; explicitFileType = wrapper.application; includeInIndex = 0; path = "AK-NotesApp.app"; sourceTree = BUILT_PRODUCTS_DIR; };
		A5A91A982CBC17600096C858 /* AK-NotesAppTests.xctest */ = {isa = PBXFileReference; explicitFileType = wrapper.cfbundle; includeInIndex = 0; path = "AK-NotesAppTests.xctest"; sourceTree = BUILT_PRODUCTS_DIR; };
		A5A91AA22CBC17600096C858 /* AK-NotesAppUITests.xctest */ = {isa = PBXFileReference; explicitFileType = wrapper.cfbundle; includeInIndex = 0; path = "AK-NotesAppUITests.xctest"; sourceTree = BUILT_PRODUCTS_DIR; };
		A5A91ACC2CBC1BC60096C858 /* AK_NotesAppUITests.swift */ = {isa = PBXFileReference; lastKnownFileType = sourcecode.swift; path = AK_NotesAppUITests.swift; sourceTree = "<group>"; };
		A5A91ACD2CBC1BC60096C858 /* AK_NotesAppUITestsLaunchTests.swift */ = {isa = PBXFileReference; lastKnownFileType = sourcecode.swift; path = AK_NotesAppUITestsLaunchTests.swift; sourceTree = "<group>"; };
		A5A91AD12CBC1BC60096C858 /* AppDelegate.swift */ = {isa = PBXFileReference; lastKnownFileType = sourcecode.swift; path = AppDelegate.swift; sourceTree = "<group>"; };
		A5A91AD22CBC1BC60096C858 /* Assets.xcassets */ = {isa = PBXFileReference; lastKnownFileType = folder.assetcatalog; path = Assets.xcassets; sourceTree = "<group>"; };
		A5A91AD32CBC1BC60096C858 /* Info.plist */ = {isa = PBXFileReference; lastKnownFileType = text.plist.xml; path = Info.plist; sourceTree = "<group>"; };
		A5A91AD42CBC1BC60096C858 /* Base */ = {isa = PBXFileReference; lastKnownFileType = file.storyboard; name = Base; path = Base.lproj/LaunchScreen.storyboard; sourceTree = "<group>"; };
		A5A91AD82CBC1BC60096C858 /* SceneDelegate.swift */ = {isa = PBXFileReference; lastKnownFileType = sourcecode.swift; path = SceneDelegate.swift; sourceTree = "<group>"; };
		A5A91AE22CBC1BC60096C858 /* AK_NotesAppTests.swift */ = {isa = PBXFileReference; lastKnownFileType = sourcecode.swift; path = AK_NotesAppTests.swift; sourceTree = "<group>"; };
		A5C4320B2CEB080700A341F6 /* NoteService.swift */ = {isa = PBXFileReference; lastKnownFileType = sourcecode.swift; path = NoteService.swift; sourceTree = "<group>"; };
		A5C4320D2CEB20F400A341F6 /* String.swift */ = {isa = PBXFileReference; lastKnownFileType = sourcecode.swift; path = String.swift; sourceTree = "<group>"; };
		A5C432192CEB81E200A341F6 /* NoteLayoutType.swift */ = {isa = PBXFileReference; lastKnownFileType = sourcecode.swift; path = NoteLayoutType.swift; sourceTree = "<group>"; };
		A5C4321B2CEB825600A341F6 /* NoteListLayout.swift */ = {isa = PBXFileReference; lastKnownFileType = sourcecode.swift; path = NoteListLayout.swift; sourceTree = "<group>"; };
		A5C46A8E2CBF9ED3003D5774 /* EditNoteViewController.swift */ = {isa = PBXFileReference; lastKnownFileType = sourcecode.swift; path = EditNoteViewController.swift; sourceTree = "<group>"; };
		A5C46A902CBF9EE1003D5774 /* EditNoteViewModel.swift */ = {isa = PBXFileReference; lastKnownFileType = sourcecode.swift; path = EditNoteViewModel.swift; sourceTree = "<group>"; };
		A5C46A922CBF9EF5003D5774 /* NoteScreenViewController.swift */ = {isa = PBXFileReference; lastKnownFileType = sourcecode.swift; path = NoteScreenViewController.swift; sourceTree = "<group>"; };
		A5C46A942CBF9EFD003D5774 /* NotesScreenViewModel.swift */ = {isa = PBXFileReference; lastKnownFileType = sourcecode.swift; path = NotesScreenViewModel.swift; sourceTree = "<group>"; };
		A5C46A962CBFA7A3003D5774 /* NoteGalleryLayout.swift */ = {isa = PBXFileReference; lastKnownFileType = sourcecode.swift; path = NoteGalleryLayout.swift; sourceTree = "<group>"; };
		A5C46A982CBFA7C4003D5774 /* NoteViewCell.swift */ = {isa = PBXFileReference; lastKnownFileType = sourcecode.swift; path = NoteViewCell.swift; sourceTree = "<group>"; };
		A5C46A9A2CBFA7DB003D5774 /* NoteViewCellModel.swift */ = {isa = PBXFileReference; lastKnownFileType = sourcecode.swift; path = NoteViewCellModel.swift; sourceTree = "<group>"; };
		A5C918852CD0606B001532CC /* Notes.swift */ = {isa = PBXFileReference; lastKnownFileType = sourcecode.swift; path = Notes.swift; sourceTree = "<group>"; };
		A5E99F0F2CDD4516003BF7B0 /* Date.swift */ = {isa = PBXFileReference; lastKnownFileType = sourcecode.swift; path = Date.swift; sourceTree = "<group>"; };
		A5E99F132CDDDDC6003BF7B0 /* Notes.xcdatamodel */ = {isa = PBXFileReference; lastKnownFileType = wrapper.xcdatamodel; path = Notes.xcdatamodel; sourceTree = "<group>"; };
		A5E99F162CDE1366003BF7B0 /* CoreDataManager.swift */ = {isa = PBXFileReference; lastKnownFileType = sourcecode.swift; path = CoreDataManager.swift; sourceTree = "<group>"; };
		B7DEB5354F020F0186C4F25E /* Pods-AK-NotesApp.release.xcconfig */ = {isa = PBXFileReference; includeInIndex = 1; lastKnownFileType = text.xcconfig; name = "Pods-AK-NotesApp.release.xcconfig"; path = "Target Support Files/Pods-AK-NotesApp/Pods-AK-NotesApp.release.xcconfig"; sourceTree = "<group>"; };
		C1ABB3FB67F0A6C5F84D7F1A /* Pods_AK_NotesApp.framework */ = {isa = PBXFileReference; explicitFileType = wrapper.framework; includeInIndex = 0; path = Pods_AK_NotesApp.framework; sourceTree = BUILT_PRODUCTS_DIR; };
		CFB16EF6E4E37760909F9923 /* Pods-AK-NotesApp.debug.xcconfig */ = {isa = PBXFileReference; includeInIndex = 1; lastKnownFileType = text.xcconfig; name = "Pods-AK-NotesApp.debug.xcconfig"; path = "Target Support Files/Pods-AK-NotesApp/Pods-AK-NotesApp.debug.xcconfig"; sourceTree = "<group>"; };
/* End PBXFileReference section */

/* Begin PBXFrameworksBuildPhase section */
		A5A91A7F2CBC175E0096C858 /* Frameworks */ = {
			isa = PBXFrameworksBuildPhase;
			buildActionMask = 2147483647;
			files = (
				38680AB50B0424767261B4B7 /* Pods_AK_NotesApp.framework in Frameworks */,
			);
			runOnlyForDeploymentPostprocessing = 0;
		};
		A5A91A952CBC17600096C858 /* Frameworks */ = {
			isa = PBXFrameworksBuildPhase;
			buildActionMask = 2147483647;
			files = (
				B13AA1E1B3B99CE08A187965 /* Pods_AK_NotesAppTests.framework in Frameworks */,
			);
			runOnlyForDeploymentPostprocessing = 0;
		};
		A5A91A9F2CBC17600096C858 /* Frameworks */ = {
			isa = PBXFrameworksBuildPhase;
			buildActionMask = 2147483647;
			files = (
				0C797C7ABAC59F80DC7A7AE9 /* Pods_AK_NotesApp_AK_NotesAppUITests.framework in Frameworks */,
			);
			runOnlyForDeploymentPostprocessing = 0;
		};
/* End PBXFrameworksBuildPhase section */

/* Begin PBXGroup section */
		394E7F728F7129F8C9A249CE /* Frameworks */ = {
			isa = PBXGroup;
			children = (
				C1ABB3FB67F0A6C5F84D7F1A /* Pods_AK_NotesApp.framework */,
				797B5023C8A29A61BAD05326 /* Pods_AK_NotesApp_AK_NotesAppUITests.framework */,
				22699AEEEFE4607466C34796 /* Pods_AK_NotesAppTests.framework */,
			);
			name = Frameworks;
			sourceTree = "<group>";
		};
		A5A91A792CBC175E0096C858 = {
			isa = PBXGroup;
			children = (
				A5A91ADA2CBC1BC60096C858 /* AK-NotesApp */,
				A5A91AE32CBC1BC60096C858 /* AK-NotesAppTests */,
				A5A91ACE2CBC1BC60096C858 /* AK-NotesAppUITests */,
				A5A91A832CBC175E0096C858 /* Products */,
				D67E988552891134FB2041C9 /* Pods */,
				394E7F728F7129F8C9A249CE /* Frameworks */,
			);
			sourceTree = "<group>";
		};
		A5A91A832CBC175E0096C858 /* Products */ = {
			isa = PBXGroup;
			children = (
				A5A91A822CBC175E0096C858 /* AK-NotesApp.app */,
				A5A91A982CBC17600096C858 /* AK-NotesAppTests.xctest */,
				A5A91AA22CBC17600096C858 /* AK-NotesAppUITests.xctest */,
			);
			name = Products;
			sourceTree = "<group>";
		};
		A5A91ACE2CBC1BC60096C858 /* AK-NotesAppUITests */ = {
			isa = PBXGroup;
			children = (
				A5A91ACC2CBC1BC60096C858 /* AK_NotesAppUITests.swift */,
				A5A91ACD2CBC1BC60096C858 /* AK_NotesAppUITestsLaunchTests.swift */,
			);
			path = "AK-NotesAppUITests";
			sourceTree = "<group>";
		};
		A5A91ADA2CBC1BC60096C858 /* AK-NotesApp */ = {
			isa = PBXGroup;
			children = (
				A5E99F112CDDDD89003BF7B0 /* Data */,
				A5C46A862CBEF892003D5774 /* Views */,
				A5C46A852CBEF88B003D5774 /* Application */,
				A5C46A842CBEF875003D5774 /* Scenes */,
				A5C46A872CBEF89D003D5774 /* Extensions */,
				A5A91AD32CBC1BC60096C858 /* Info.plist */,
				A5A91AD22CBC1BC60096C858 /* Assets.xcassets */,
			);
			path = "AK-NotesApp";
			sourceTree = "<group>";
		};
		A5A91AE32CBC1BC60096C858 /* AK-NotesAppTests */ = {
			isa = PBXGroup;
			children = (
				A5A91AE22CBC1BC60096C858 /* AK_NotesAppTests.swift */,
			);
			path = "AK-NotesAppTests";
			sourceTree = "<group>";
		};
		A5BB48A12CEC9FAD001C3BA9 /* Services */ = {
			isa = PBXGroup;
			children = (
				A5C4320B2CEB080700A341F6 /* NoteService.swift */,
			);
			path = Services;
			sourceTree = "<group>";
		};
		A5C432162CEB73D200A341F6 /* NoteViewCell */ = {
			isa = PBXGroup;
			children = (
				A5C46A982CBFA7C4003D5774 /* NoteViewCell.swift */,
				A5C918852CD0606B001532CC /* Notes.swift */,
				A5C46A9A2CBFA7DB003D5774 /* NoteViewCellModel.swift */,
				A5C46A962CBFA7A3003D5774 /* NoteGalleryLayout.swift */,
				A5C432192CEB81E200A341F6 /* NoteLayoutType.swift */,
				A5C4321B2CEB825600A341F6 /* NoteListLayout.swift */,
			);
			path = NoteViewCell;
			sourceTree = "<group>";
		};
		A5C46A842CBEF875003D5774 /* Scenes */ = {
			isa = PBXGroup;
			children = (
				A5A91AD52CBC1BC60096C858 /* LaunchScreen.storyboard */,
				A5C46A8D2CBF9EC1003D5774 /* EditNote */,
				A5C46A8C2CBF9EB8003D5774 /* NotesScreen */,
			);
			path = Scenes;
			sourceTree = "<group>";
		};
		A5C46A852CBEF88B003D5774 /* Application */ = {
			isa = PBXGroup;
			children = (
				A5A91AD12CBC1BC60096C858 /* AppDelegate.swift */,
				A5A91AD82CBC1BC60096C858 /* SceneDelegate.swift */,
			);
			path = Application;
			sourceTree = "<group>";
		};
		A5C46A862CBEF892003D5774 /* Views */ = {
			isa = PBXGroup;
			children = (
				A5C432162CEB73D200A341F6 /* NoteViewCell */,
			);
			path = Views;
			sourceTree = "<group>";
		};
		A5C46A872CBEF89D003D5774 /* Extensions */ = {
			isa = PBXGroup;
			children = (
				A52DB5152CC2F93C0047359E /* UIColor.swift */,
				A5E99F0F2CDD4516003BF7B0 /* Date.swift */,
				A5C4320D2CEB20F400A341F6 /* String.swift */,
			);
			path = Extensions;
			sourceTree = "<group>";
		};
		A5C46A8C2CBF9EB8003D5774 /* NotesScreen */ = {
			isa = PBXGroup;
			children = (
				A5C46A922CBF9EF5003D5774 /* NoteScreenViewController.swift */,
				A5C46A942CBF9EFD003D5774 /* NotesScreenViewModel.swift */,
			);
			path = NotesScreen;
			sourceTree = "<group>";
		};
		A5C46A8D2CBF9EC1003D5774 /* EditNote */ = {
			isa = PBXGroup;
			children = (
				A5C46A8E2CBF9ED3003D5774 /* EditNoteViewController.swift */,
				A5C46A902CBF9EE1003D5774 /* EditNoteViewModel.swift */,
			);
			path = EditNote;
			sourceTree = "<group>";
		};
		A5E99F112CDDDD89003BF7B0 /* Data */ = {
			isa = PBXGroup;
			children = (
				A5E99F152CDE134D003BF7B0 /* Managers */,
				A5BB48A12CEC9FAD001C3BA9 /* Services */,
				A5E99F122CDDDDC6003BF7B0 /* Notes.xcdatamodeld */,
			);
			path = Data;
			sourceTree = "<group>";
		};
		A5E99F152CDE134D003BF7B0 /* Managers */ = {
			isa = PBXGroup;
			children = (
				A5E99F162CDE1366003BF7B0 /* CoreDataManager.swift */,
			);
			path = Managers;
			sourceTree = "<group>";
		};
		D67E988552891134FB2041C9 /* Pods */ = {
			isa = PBXGroup;
			children = (
				CFB16EF6E4E37760909F9923 /* Pods-AK-NotesApp.debug.xcconfig */,
				B7DEB5354F020F0186C4F25E /* Pods-AK-NotesApp.release.xcconfig */,
				75AE5002EC84DC7D57A9F7C6 /* Pods-AK-NotesApp-AK-NotesAppUITests.debug.xcconfig */,
				775077AE801C4AD181B617ED /* Pods-AK-NotesApp-AK-NotesAppUITests.release.xcconfig */,
				47B5439EA0DEBD149DAAE488 /* Pods-AK-NotesAppTests.debug.xcconfig */,
				76F18F04F7C73C61273367D6 /* Pods-AK-NotesAppTests.release.xcconfig */,
			);
			path = Pods;
			sourceTree = "<group>";
		};
/* End PBXGroup section */

/* Begin PBXNativeTarget section */
		A5A91A812CBC175E0096C858 /* AK-NotesApp */ = {
			isa = PBXNativeTarget;
			buildConfigurationList = A5A91AAB2CBC17600096C858 /* Build configuration list for PBXNativeTarget "AK-NotesApp" */;
			buildPhases = (
				C22F8E008F7023F0D8A3360E /* [CP] Check Pods Manifest.lock */,
				A5A91A7E2CBC175E0096C858 /* Sources */,
				A5A91A7F2CBC175E0096C858 /* Frameworks */,
				A5A91A802CBC175E0096C858 /* Resources */,
				A4B3BF1AB003AB6F5109C2EE /* [CP] Embed Pods Frameworks */,
			);
			buildRules = (
			);
			dependencies = (
			);
			name = "AK-NotesApp";
			productName = "AK-NotesApp";
			productReference = A5A91A822CBC175E0096C858 /* AK-NotesApp.app */;
			productType = "com.apple.product-type.application";
		};
		A5A91A972CBC17600096C858 /* AK-NotesAppTests */ = {
			isa = PBXNativeTarget;
			buildConfigurationList = A5A91AB02CBC17600096C858 /* Build configuration list for PBXNativeTarget "AK-NotesAppTests" */;
			buildPhases = (
				FEE7961A42321550AE9AC8BE /* [CP] Check Pods Manifest.lock */,
				A5A91A942CBC17600096C858 /* Sources */,
				A5A91A952CBC17600096C858 /* Frameworks */,
				A5A91A962CBC17600096C858 /* Resources */,
			);
			buildRules = (
			);
			dependencies = (
				A5A91A9A2CBC17600096C858 /* PBXTargetDependency */,
			);
			name = "AK-NotesAppTests";
			productName = "AK-NotesAppTests";
			productReference = A5A91A982CBC17600096C858 /* AK-NotesAppTests.xctest */;
			productType = "com.apple.product-type.bundle.unit-test";
		};
		A5A91AA12CBC17600096C858 /* AK-NotesAppUITests */ = {
			isa = PBXNativeTarget;
			buildConfigurationList = A5A91AB32CBC17600096C858 /* Build configuration list for PBXNativeTarget "AK-NotesAppUITests" */;
			buildPhases = (
				01383A491BBD9422D48DDFDB /* [CP] Check Pods Manifest.lock */,
				A5A91A9E2CBC17600096C858 /* Sources */,
				A5A91A9F2CBC17600096C858 /* Frameworks */,
				A5A91AA02CBC17600096C858 /* Resources */,
				D2DA10102B0F986494B90C5A /* [CP] Embed Pods Frameworks */,
			);
			buildRules = (
			);
			dependencies = (
				A5A91AA42CBC17600096C858 /* PBXTargetDependency */,
			);
			name = "AK-NotesAppUITests";
			productName = "AK-NotesAppUITests";
			productReference = A5A91AA22CBC17600096C858 /* AK-NotesAppUITests.xctest */;
			productType = "com.apple.product-type.bundle.ui-testing";
		};
/* End PBXNativeTarget section */

/* Begin PBXProject section */
		A5A91A7A2CBC175E0096C858 /* Project object */ = {
			isa = PBXProject;
			attributes = {
				BuildIndependentTargetsInParallel = 1;
				LastSwiftUpdateCheck = 1600;
				LastUpgradeCheck = 1600;
				TargetAttributes = {
					A5A91A812CBC175E0096C858 = {
						CreatedOnToolsVersion = 16.0;
					};
					A5A91A972CBC17600096C858 = {
						CreatedOnToolsVersion = 16.0;
						TestTargetID = A5A91A812CBC175E0096C858;
					};
					A5A91AA12CBC17600096C858 = {
						CreatedOnToolsVersion = 16.0;
						TestTargetID = A5A91A812CBC175E0096C858;
					};
				};
			};
			buildConfigurationList = A5A91A7D2CBC175E0096C858 /* Build configuration list for PBXProject "AK-NotesApp" */;
			compatibilityVersion = "Xcode 14.0";
			developmentRegion = en;
			hasScannedForEncodings = 0;
			knownRegions = (
				en,
				Base,
			);
			mainGroup = A5A91A792CBC175E0096C858;
			productRefGroup = A5A91A832CBC175E0096C858 /* Products */;
			projectDirPath = "";
			projectRoot = "";
			targets = (
				A5A91A812CBC175E0096C858 /* AK-NotesApp */,
				A5A91A972CBC17600096C858 /* AK-NotesAppTests */,
				A5A91AA12CBC17600096C858 /* AK-NotesAppUITests */,
			);
		};
/* End PBXProject section */

/* Begin PBXResourcesBuildPhase section */
		A5A91A802CBC175E0096C858 /* Resources */ = {
			isa = PBXResourcesBuildPhase;
			buildActionMask = 2147483647;
			files = (
				A5A91ADE2CBC1BC60096C858 /* Assets.xcassets in Resources */,
				A5A91AE02CBC1BC60096C858 /* LaunchScreen.storyboard in Resources */,
			);
			runOnlyForDeploymentPostprocessing = 0;
		};
		A5A91A962CBC17600096C858 /* Resources */ = {
			isa = PBXResourcesBuildPhase;
			buildActionMask = 2147483647;
			files = (
			);
			runOnlyForDeploymentPostprocessing = 0;
		};
		A5A91AA02CBC17600096C858 /* Resources */ = {
			isa = PBXResourcesBuildPhase;
			buildActionMask = 2147483647;
			files = (
			);
			runOnlyForDeploymentPostprocessing = 0;
		};
/* End PBXResourcesBuildPhase section */

/* Begin PBXShellScriptBuildPhase section */
		01383A491BBD9422D48DDFDB /* [CP] Check Pods Manifest.lock */ = {
			isa = PBXShellScriptBuildPhase;
			buildActionMask = 2147483647;
			files = (
			);
			inputFileListPaths = (
			);
			inputPaths = (
				"${PODS_PODFILE_DIR_PATH}/Podfile.lock",
				"${PODS_ROOT}/Manifest.lock",
			);
			name = "[CP] Check Pods Manifest.lock";
			outputFileListPaths = (
			);
			outputPaths = (
				"$(DERIVED_FILE_DIR)/Pods-AK-NotesApp-AK-NotesAppUITests-checkManifestLockResult.txt",
			);
			runOnlyForDeploymentPostprocessing = 0;
			shellPath = /bin/sh;
			shellScript = "diff \"${PODS_PODFILE_DIR_PATH}/Podfile.lock\" \"${PODS_ROOT}/Manifest.lock\" > /dev/null\nif [ $? != 0 ] ; then\n    # print error to STDERR\n    echo \"error: The sandbox is not in sync with the Podfile.lock. Run 'pod install' or update your CocoaPods installation.\" >&2\n    exit 1\nfi\n# This output is used by Xcode 'outputs' to avoid re-running this script phase.\necho \"SUCCESS\" > \"${SCRIPT_OUTPUT_FILE_0}\"\n";
			showEnvVarsInLog = 0;
		};
		A4B3BF1AB003AB6F5109C2EE /* [CP] Embed Pods Frameworks */ = {
			isa = PBXShellScriptBuildPhase;
			buildActionMask = 2147483647;
			files = (
			);
			inputFileListPaths = (
				"${PODS_ROOT}/Target Support Files/Pods-AK-NotesApp/Pods-AK-NotesApp-frameworks-${CONFIGURATION}-input-files.xcfilelist",
			);
			name = "[CP] Embed Pods Frameworks";
			outputFileListPaths = (
				"${PODS_ROOT}/Target Support Files/Pods-AK-NotesApp/Pods-AK-NotesApp-frameworks-${CONFIGURATION}-output-files.xcfilelist",
			);
			runOnlyForDeploymentPostprocessing = 0;
			shellPath = /bin/sh;
			shellScript = "\"${PODS_ROOT}/Target Support Files/Pods-AK-NotesApp/Pods-AK-NotesApp-frameworks.sh\"\n";
			showEnvVarsInLog = 0;
		};
		C22F8E008F7023F0D8A3360E /* [CP] Check Pods Manifest.lock */ = {
			isa = PBXShellScriptBuildPhase;
			buildActionMask = 2147483647;
			files = (
			);
			inputFileListPaths = (
			);
			inputPaths = (
				"${PODS_PODFILE_DIR_PATH}/Podfile.lock",
				"${PODS_ROOT}/Manifest.lock",
			);
			name = "[CP] Check Pods Manifest.lock";
			outputFileListPaths = (
			);
			outputPaths = (
				"$(DERIVED_FILE_DIR)/Pods-AK-NotesApp-checkManifestLockResult.txt",
			);
			runOnlyForDeploymentPostprocessing = 0;
			shellPath = /bin/sh;
			shellScript = "diff \"${PODS_PODFILE_DIR_PATH}/Podfile.lock\" \"${PODS_ROOT}/Manifest.lock\" > /dev/null\nif [ $? != 0 ] ; then\n    # print error to STDERR\n    echo \"error: The sandbox is not in sync with the Podfile.lock. Run 'pod install' or update your CocoaPods installation.\" >&2\n    exit 1\nfi\n# This output is used by Xcode 'outputs' to avoid re-running this script phase.\necho \"SUCCESS\" > \"${SCRIPT_OUTPUT_FILE_0}\"\n";
			showEnvVarsInLog = 0;
		};
		D2DA10102B0F986494B90C5A /* [CP] Embed Pods Frameworks */ = {
			isa = PBXShellScriptBuildPhase;
			buildActionMask = 2147483647;
			files = (
			);
			inputFileListPaths = (
				"${PODS_ROOT}/Target Support Files/Pods-AK-NotesApp-AK-NotesAppUITests/Pods-AK-NotesApp-AK-NotesAppUITests-frameworks-${CONFIGURATION}-input-files.xcfilelist",
			);
			name = "[CP] Embed Pods Frameworks";
			outputFileListPaths = (
				"${PODS_ROOT}/Target Support Files/Pods-AK-NotesApp-AK-NotesAppUITests/Pods-AK-NotesApp-AK-NotesAppUITests-frameworks-${CONFIGURATION}-output-files.xcfilelist",
			);
			runOnlyForDeploymentPostprocessing = 0;
			shellPath = /bin/sh;
			shellScript = "\"${PODS_ROOT}/Target Support Files/Pods-AK-NotesApp-AK-NotesAppUITests/Pods-AK-NotesApp-AK-NotesAppUITests-frameworks.sh\"\n";
			showEnvVarsInLog = 0;
		};
		FEE7961A42321550AE9AC8BE /* [CP] Check Pods Manifest.lock */ = {
			isa = PBXShellScriptBuildPhase;
			buildActionMask = 2147483647;
			files = (
			);
			inputFileListPaths = (
			);
			inputPaths = (
				"${PODS_PODFILE_DIR_PATH}/Podfile.lock",
				"${PODS_ROOT}/Manifest.lock",
			);
			name = "[CP] Check Pods Manifest.lock";
			outputFileListPaths = (
			);
			outputPaths = (
				"$(DERIVED_FILE_DIR)/Pods-AK-NotesAppTests-checkManifestLockResult.txt",
			);
			runOnlyForDeploymentPostprocessing = 0;
			shellPath = /bin/sh;
			shellScript = "diff \"${PODS_PODFILE_DIR_PATH}/Podfile.lock\" \"${PODS_ROOT}/Manifest.lock\" > /dev/null\nif [ $? != 0 ] ; then\n    # print error to STDERR\n    echo \"error: The sandbox is not in sync with the Podfile.lock. Run 'pod install' or update your CocoaPods installation.\" >&2\n    exit 1\nfi\n# This output is used by Xcode 'outputs' to avoid re-running this script phase.\necho \"SUCCESS\" > \"${SCRIPT_OUTPUT_FILE_0}\"\n";
			showEnvVarsInLog = 0;
		};
/* End PBXShellScriptBuildPhase section */

/* Begin PBXSourcesBuildPhase section */
		A5A91A7E2CBC175E0096C858 /* Sources */ = {
			isa = PBXSourcesBuildPhase;
			buildActionMask = 2147483647;
			files = (
				A5C46A912CBF9EE1003D5774 /* EditNoteViewModel.swift in Sources */,
				A5E99F142CDDDDC6003BF7B0 /* Notes.xcdatamodeld in Sources */,
				A5A91ADB2CBC1BC60096C858 /* AppDelegate.swift in Sources */,
				A5C4320C2CEB080700A341F6 /* NoteService.swift in Sources */,
				A5C46A952CBF9EFD003D5774 /* NotesScreenViewModel.swift in Sources */,
				A5C4321C2CEB825600A341F6 /* NoteListLayout.swift in Sources */,
				A5C46A932CBF9EF5003D5774 /* NoteScreenViewController.swift in Sources */,
				A5C46A9B2CBFA7DB003D5774 /* NoteViewCellModel.swift in Sources */,
				A5A91ADC2CBC1BC60096C858 /* SceneDelegate.swift in Sources */,
				A5C46A8F2CBF9ED3003D5774 /* EditNoteViewController.swift in Sources */,
				A52DB5162CC2F93C0047359E /* UIColor.swift in Sources */,
				A5E99F102CDD4516003BF7B0 /* Date.swift in Sources */,
				A5C46A992CBFA7C4003D5774 /* NoteViewCell.swift in Sources */,
				A5C46A972CBFA7A3003D5774 /* NoteGalleryLayout.swift in Sources */,
				A5C4320E2CEB20F400A341F6 /* String.swift in Sources */,
				A5C4321A2CEB81E200A341F6 /* NoteLayoutType.swift in Sources */,
				A5E99F172CDE1366003BF7B0 /* CoreDataManager.swift in Sources */,
				A5C918862CD0606B001532CC /* Notes.swift in Sources */,
			);
			runOnlyForDeploymentPostprocessing = 0;
		};
		A5A91A942CBC17600096C858 /* Sources */ = {
			isa = PBXSourcesBuildPhase;
			buildActionMask = 2147483647;
			files = (
				A5A91AE42CBC1BC60096C858 /* AK_NotesAppTests.swift in Sources */,
			);
			runOnlyForDeploymentPostprocessing = 0;
		};
		A5A91A9E2CBC17600096C858 /* Sources */ = {
			isa = PBXSourcesBuildPhase;
			buildActionMask = 2147483647;
			files = (
				A5A91ACF2CBC1BC60096C858 /* AK_NotesAppUITests.swift in Sources */,
				A5A91AD02CBC1BC60096C858 /* AK_NotesAppUITestsLaunchTests.swift in Sources */,
			);
			runOnlyForDeploymentPostprocessing = 0;
		};
/* End PBXSourcesBuildPhase section */

/* Begin PBXTargetDependency section */
		A5A91A9A2CBC17600096C858 /* PBXTargetDependency */ = {
			isa = PBXTargetDependency;
			target = A5A91A812CBC175E0096C858 /* AK-NotesApp */;
			targetProxy = A5A91A992CBC17600096C858 /* PBXContainerItemProxy */;
		};
		A5A91AA42CBC17600096C858 /* PBXTargetDependency */ = {
			isa = PBXTargetDependency;
			target = A5A91A812CBC175E0096C858 /* AK-NotesApp */;
			targetProxy = A5A91AA32CBC17600096C858 /* PBXContainerItemProxy */;
		};
/* End PBXTargetDependency section */

/* Begin PBXVariantGroup section */
		A5A91AD52CBC1BC60096C858 /* LaunchScreen.storyboard */ = {
			isa = PBXVariantGroup;
			children = (
				A5A91AD42CBC1BC60096C858 /* Base */,
			);
			name = LaunchScreen.storyboard;
			sourceTree = "<group>";
		};
/* End PBXVariantGroup section */

/* Begin XCBuildConfiguration section */
		A5A91AAC2CBC17600096C858 /* Debug */ = {
			isa = XCBuildConfiguration;
			baseConfigurationReference = CFB16EF6E4E37760909F9923 /* Pods-AK-NotesApp.debug.xcconfig */;
			buildSettings = {
				ASSETCATALOG_COMPILER_APPICON_NAME = AppIcon;
				ASSETCATALOG_COMPILER_GLOBAL_ACCENT_COLOR_NAME = AccentColor;
				CODE_SIGN_STYLE = Automatic;
				CURRENT_PROJECT_VERSION = 1;
				DEVELOPMENT_TEAM = 6HX5P2M97J;
				GENERATE_INFOPLIST_FILE = YES;
				INFOPLIST_FILE = "AK-NotesApp/Info.plist";
				INFOPLIST_KEY_UIApplicationSupportsIndirectInputEvents = YES;
				INFOPLIST_KEY_UILaunchStoryboardName = LaunchScreen;
				INFOPLIST_KEY_UIMainStoryboardFile = "";
				INFOPLIST_KEY_UISupportedInterfaceOrientations_iPad = "UIInterfaceOrientationPortrait UIInterfaceOrientationPortraitUpsideDown UIInterfaceOrientationLandscapeLeft UIInterfaceOrientationLandscapeRight";
				INFOPLIST_KEY_UISupportedInterfaceOrientations_iPhone = "UIInterfaceOrientationPortrait UIInterfaceOrientationLandscapeLeft UIInterfaceOrientationLandscapeRight";
				LD_RUNPATH_SEARCH_PATHS = (
					"$(inherited)",
					"@executable_path/Frameworks",
				);
				MARKETING_VERSION = 1.0;
				PRODUCT_BUNDLE_IDENTIFIER = "Anilkaramis.AK-NotesApp";
				PRODUCT_NAME = "$(TARGET_NAME)";
				SWIFT_EMIT_LOC_STRINGS = YES;
				SWIFT_VERSION = 5.0;
				TARGETED_DEVICE_FAMILY = "1,2";
			};
			name = Debug;
		};
		A5A91AAD2CBC17600096C858 /* Release */ = {
			isa = XCBuildConfiguration;
			baseConfigurationReference = B7DEB5354F020F0186C4F25E /* Pods-AK-NotesApp.release.xcconfig */;
			buildSettings = {
				ASSETCATALOG_COMPILER_APPICON_NAME = AppIcon;
				ASSETCATALOG_COMPILER_GLOBAL_ACCENT_COLOR_NAME = AccentColor;
				CODE_SIGN_STYLE = Automatic;
				CURRENT_PROJECT_VERSION = 1;
				DEVELOPMENT_TEAM = 6HX5P2M97J;
				GENERATE_INFOPLIST_FILE = YES;
				INFOPLIST_FILE = "AK-NotesApp/Info.plist";
				INFOPLIST_KEY_UIApplicationSupportsIndirectInputEvents = YES;
				INFOPLIST_KEY_UILaunchStoryboardName = LaunchScreen;
				INFOPLIST_KEY_UIMainStoryboardFile = "";
				INFOPLIST_KEY_UISupportedInterfaceOrientations_iPad = "UIInterfaceOrientationPortrait UIInterfaceOrientationPortraitUpsideDown UIInterfaceOrientationLandscapeLeft UIInterfaceOrientationLandscapeRight";
				INFOPLIST_KEY_UISupportedInterfaceOrientations_iPhone = "UIInterfaceOrientationPortrait UIInterfaceOrientationLandscapeLeft UIInterfaceOrientationLandscapeRight";
				LD_RUNPATH_SEARCH_PATHS = (
					"$(inherited)",
					"@executable_path/Frameworks",
				);
				MARKETING_VERSION = 1.0;
				PRODUCT_BUNDLE_IDENTIFIER = "Anilkaramis.AK-NotesApp";
				PRODUCT_NAME = "$(TARGET_NAME)";
				SWIFT_EMIT_LOC_STRINGS = YES;
				SWIFT_VERSION = 5.0;
				TARGETED_DEVICE_FAMILY = "1,2";
			};
			name = Release;
		};
		A5A91AAE2CBC17600096C858 /* Debug */ = {
			isa = XCBuildConfiguration;
			buildSettings = {
				ALWAYS_SEARCH_USER_PATHS = NO;
				ASSETCATALOG_COMPILER_GENERATE_SWIFT_ASSET_SYMBOL_EXTENSIONS = YES;
				CLANG_ANALYZER_NONNULL = YES;
				CLANG_ANALYZER_NUMBER_OBJECT_CONVERSION = YES_AGGRESSIVE;
				CLANG_CXX_LANGUAGE_STANDARD = "gnu++20";
				CLANG_ENABLE_MODULES = YES;
				CLANG_ENABLE_OBJC_ARC = YES;
				CLANG_ENABLE_OBJC_WEAK = YES;
				CLANG_WARN_BLOCK_CAPTURE_AUTORELEASING = YES;
				CLANG_WARN_BOOL_CONVERSION = YES;
				CLANG_WARN_COMMA = YES;
				CLANG_WARN_CONSTANT_CONVERSION = YES;
				CLANG_WARN_DEPRECATED_OBJC_IMPLEMENTATIONS = YES;
				CLANG_WARN_DIRECT_OBJC_ISA_USAGE = YES_ERROR;
				CLANG_WARN_DOCUMENTATION_COMMENTS = YES;
				CLANG_WARN_EMPTY_BODY = YES;
				CLANG_WARN_ENUM_CONVERSION = YES;
				CLANG_WARN_INFINITE_RECURSION = YES;
				CLANG_WARN_INT_CONVERSION = YES;
				CLANG_WARN_NON_LITERAL_NULL_CONVERSION = YES;
				CLANG_WARN_OBJC_IMPLICIT_RETAIN_SELF = YES;
				CLANG_WARN_OBJC_LITERAL_CONVERSION = YES;
				CLANG_WARN_OBJC_ROOT_CLASS = YES_ERROR;
				CLANG_WARN_QUOTED_INCLUDE_IN_FRAMEWORK_HEADER = YES;
				CLANG_WARN_RANGE_LOOP_ANALYSIS = YES;
				CLANG_WARN_STRICT_PROTOTYPES = YES;
				CLANG_WARN_SUSPICIOUS_MOVE = YES;
				CLANG_WARN_UNGUARDED_AVAILABILITY = YES_AGGRESSIVE;
				CLANG_WARN_UNREACHABLE_CODE = YES;
				CLANG_WARN__DUPLICATE_METHOD_MATCH = YES;
				COPY_PHASE_STRIP = NO;
				DEBUG_INFORMATION_FORMAT = dwarf;
				ENABLE_STRICT_OBJC_MSGSEND = YES;
				ENABLE_TESTABILITY = YES;
				ENABLE_USER_SCRIPT_SANDBOXING = NO;
				GCC_C_LANGUAGE_STANDARD = gnu17;
				GCC_DYNAMIC_NO_PIC = NO;
				GCC_NO_COMMON_BLOCKS = YES;
				GCC_OPTIMIZATION_LEVEL = 0;
				GCC_PREPROCESSOR_DEFINITIONS = (
					"DEBUG=1",
					"$(inherited)",
				);
				GCC_WARN_64_TO_32_BIT_CONVERSION = YES;
				GCC_WARN_ABOUT_RETURN_TYPE = YES_ERROR;
				GCC_WARN_UNDECLARED_SELECTOR = YES;
				GCC_WARN_UNINITIALIZED_AUTOS = YES_AGGRESSIVE;
				GCC_WARN_UNUSED_FUNCTION = YES;
				GCC_WARN_UNUSED_VARIABLE = YES;
				INFOPLIST_FILE = "";
				IPHONEOS_DEPLOYMENT_TARGET = 18.0;
				LOCALIZATION_PREFERS_STRING_CATALOGS = YES;
				MTL_ENABLE_DEBUG_INFO = INCLUDE_SOURCE;
				MTL_FAST_MATH = YES;
				ONLY_ACTIVE_ARCH = YES;
				SDKROOT = iphoneos;
				SWIFT_ACTIVE_COMPILATION_CONDITIONS = "DEBUG $(inherited)";
				SWIFT_OPTIMIZATION_LEVEL = "-Onone";
			};
			name = Debug;
		};
		A5A91AAF2CBC17600096C858 /* Release */ = {
			isa = XCBuildConfiguration;
			buildSettings = {
				ALWAYS_SEARCH_USER_PATHS = NO;
				ASSETCATALOG_COMPILER_GENERATE_SWIFT_ASSET_SYMBOL_EXTENSIONS = YES;
				CLANG_ANALYZER_NONNULL = YES;
				CLANG_ANALYZER_NUMBER_OBJECT_CONVERSION = YES_AGGRESSIVE;
				CLANG_CXX_LANGUAGE_STANDARD = "gnu++20";
				CLANG_ENABLE_MODULES = YES;
				CLANG_ENABLE_OBJC_ARC = YES;
				CLANG_ENABLE_OBJC_WEAK = YES;
				CLANG_WARN_BLOCK_CAPTURE_AUTORELEASING = YES;
				CLANG_WARN_BOOL_CONVERSION = YES;
				CLANG_WARN_COMMA = YES;
				CLANG_WARN_CONSTANT_CONVERSION = YES;
				CLANG_WARN_DEPRECATED_OBJC_IMPLEMENTATIONS = YES;
				CLANG_WARN_DIRECT_OBJC_ISA_USAGE = YES_ERROR;
				CLANG_WARN_DOCUMENTATION_COMMENTS = YES;
				CLANG_WARN_EMPTY_BODY = YES;
				CLANG_WARN_ENUM_CONVERSION = YES;
				CLANG_WARN_INFINITE_RECURSION = YES;
				CLANG_WARN_INT_CONVERSION = YES;
				CLANG_WARN_NON_LITERAL_NULL_CONVERSION = YES;
				CLANG_WARN_OBJC_IMPLICIT_RETAIN_SELF = YES;
				CLANG_WARN_OBJC_LITERAL_CONVERSION = YES;
				CLANG_WARN_OBJC_ROOT_CLASS = YES_ERROR;
				CLANG_WARN_QUOTED_INCLUDE_IN_FRAMEWORK_HEADER = YES;
				CLANG_WARN_RANGE_LOOP_ANALYSIS = YES;
				CLANG_WARN_STRICT_PROTOTYPES = YES;
				CLANG_WARN_SUSPICIOUS_MOVE = YES;
				CLANG_WARN_UNGUARDED_AVAILABILITY = YES_AGGRESSIVE;
				CLANG_WARN_UNREACHABLE_CODE = YES;
				CLANG_WARN__DUPLICATE_METHOD_MATCH = YES;
				COPY_PHASE_STRIP = NO;
				DEBUG_INFORMATION_FORMAT = "dwarf-with-dsym";
				ENABLE_NS_ASSERTIONS = NO;
				ENABLE_STRICT_OBJC_MSGSEND = YES;
				ENABLE_USER_SCRIPT_SANDBOXING = NO;
				GCC_C_LANGUAGE_STANDARD = gnu17;
				GCC_NO_COMMON_BLOCKS = YES;
				GCC_WARN_64_TO_32_BIT_CONVERSION = YES;
				GCC_WARN_ABOUT_RETURN_TYPE = YES_ERROR;
				GCC_WARN_UNDECLARED_SELECTOR = YES;
				GCC_WARN_UNINITIALIZED_AUTOS = YES_AGGRESSIVE;
				GCC_WARN_UNUSED_FUNCTION = YES;
				GCC_WARN_UNUSED_VARIABLE = YES;
				INFOPLIST_FILE = "";
				IPHONEOS_DEPLOYMENT_TARGET = 18.0;
				LOCALIZATION_PREFERS_STRING_CATALOGS = YES;
				MTL_ENABLE_DEBUG_INFO = NO;
				MTL_FAST_MATH = YES;
				SDKROOT = iphoneos;
				SWIFT_COMPILATION_MODE = wholemodule;
				VALIDATE_PRODUCT = YES;
			};
			name = Release;
		};
		A5A91AB12CBC17600096C858 /* Debug */ = {
			isa = XCBuildConfiguration;
			baseConfigurationReference = 47B5439EA0DEBD149DAAE488 /* Pods-AK-NotesAppTests.debug.xcconfig */;
			buildSettings = {
				BUNDLE_LOADER = "$(TEST_HOST)";
				CODE_SIGN_STYLE = Automatic;
				CURRENT_PROJECT_VERSION = 1;
				DEVELOPMENT_TEAM = 6HX5P2M97J;
				GENERATE_INFOPLIST_FILE = YES;
				IPHONEOS_DEPLOYMENT_TARGET = 18.0;
				MARKETING_VERSION = 1.0;
				PRODUCT_BUNDLE_IDENTIFIER = "Anilkaramis.AK-NotesAppTests";
				PRODUCT_NAME = "$(TARGET_NAME)";
				SWIFT_EMIT_LOC_STRINGS = NO;
				SWIFT_VERSION = 5.0;
				TARGETED_DEVICE_FAMILY = "1,2";
				TEST_HOST = "$(BUILT_PRODUCTS_DIR)/AK-NotesApp.app/$(BUNDLE_EXECUTABLE_FOLDER_PATH)/AK-NotesApp";
			};
			name = Debug;
		};
		A5A91AB22CBC17600096C858 /* Release */ = {
			isa = XCBuildConfiguration;
			baseConfigurationReference = 76F18F04F7C73C61273367D6 /* Pods-AK-NotesAppTests.release.xcconfig */;
			buildSettings = {
				BUNDLE_LOADER = "$(TEST_HOST)";
				CODE_SIGN_STYLE = Automatic;
				CURRENT_PROJECT_VERSION = 1;
				DEVELOPMENT_TEAM = 6HX5P2M97J;
				GENERATE_INFOPLIST_FILE = YES;
				IPHONEOS_DEPLOYMENT_TARGET = 18.0;
				MARKETING_VERSION = 1.0;
				PRODUCT_BUNDLE_IDENTIFIER = "Anilkaramis.AK-NotesAppTests";
				PRODUCT_NAME = "$(TARGET_NAME)";
				SWIFT_EMIT_LOC_STRINGS = NO;
				SWIFT_VERSION = 5.0;
				TARGETED_DEVICE_FAMILY = "1,2";
				TEST_HOST = "$(BUILT_PRODUCTS_DIR)/AK-NotesApp.app/$(BUNDLE_EXECUTABLE_FOLDER_PATH)/AK-NotesApp";
			};
			name = Release;
		};
		A5A91AB42CBC17600096C858 /* Debug */ = {
			isa = XCBuildConfiguration;
			baseConfigurationReference = 75AE5002EC84DC7D57A9F7C6 /* Pods-AK-NotesApp-AK-NotesAppUITests.debug.xcconfig */;
			buildSettings = {
				CODE_SIGN_STYLE = Automatic;
				CURRENT_PROJECT_VERSION = 1;
				DEVELOPMENT_TEAM = 6HX5P2M97J;
				GENERATE_INFOPLIST_FILE = YES;
				MARKETING_VERSION = 1.0;
				PRODUCT_BUNDLE_IDENTIFIER = "Anilkaramis.AK-NotesAppUITests";
				PRODUCT_NAME = "$(TARGET_NAME)";
				SWIFT_EMIT_LOC_STRINGS = NO;
				SWIFT_VERSION = 5.0;
				TARGETED_DEVICE_FAMILY = "1,2";
				TEST_TARGET_NAME = "AK-NotesApp";
			};
			name = Debug;
		};
		A5A91AB52CBC17600096C858 /* Release */ = {
			isa = XCBuildConfiguration;
			baseConfigurationReference = 775077AE801C4AD181B617ED /* Pods-AK-NotesApp-AK-NotesAppUITests.release.xcconfig */;
			buildSettings = {
				CODE_SIGN_STYLE = Automatic;
				CURRENT_PROJECT_VERSION = 1;
				DEVELOPMENT_TEAM = 6HX5P2M97J;
				GENERATE_INFOPLIST_FILE = YES;
				MARKETING_VERSION = 1.0;
				PRODUCT_BUNDLE_IDENTIFIER = "Anilkaramis.AK-NotesAppUITests";
				PRODUCT_NAME = "$(TARGET_NAME)";
				SWIFT_EMIT_LOC_STRINGS = NO;
				SWIFT_VERSION = 5.0;
				TARGETED_DEVICE_FAMILY = "1,2";
				TEST_TARGET_NAME = "AK-NotesApp";
			};
			name = Release;
		};
/* End XCBuildConfiguration section */

/* Begin XCConfigurationList section */
		A5A91A7D2CBC175E0096C858 /* Build configuration list for PBXProject "AK-NotesApp" */ = {
			isa = XCConfigurationList;
			buildConfigurations = (
				A5A91AAE2CBC17600096C858 /* Debug */,
				A5A91AAF2CBC17600096C858 /* Release */,
			);
			defaultConfigurationIsVisible = 0;
			defaultConfigurationName = Release;
		};
		A5A91AAB2CBC17600096C858 /* Build configuration list for PBXNativeTarget "AK-NotesApp" */ = {
			isa = XCConfigurationList;
			buildConfigurations = (
				A5A91AAC2CBC17600096C858 /* Debug */,
				A5A91AAD2CBC17600096C858 /* Release */,
			);
			defaultConfigurationIsVisible = 0;
			defaultConfigurationName = Release;
		};
		A5A91AB02CBC17600096C858 /* Build configuration list for PBXNativeTarget "AK-NotesAppTests" */ = {
			isa = XCConfigurationList;
			buildConfigurations = (
				A5A91AB12CBC17600096C858 /* Debug */,
				A5A91AB22CBC17600096C858 /* Release */,
			);
			defaultConfigurationIsVisible = 0;
			defaultConfigurationName = Release;
		};
		A5A91AB32CBC17600096C858 /* Build configuration list for PBXNativeTarget "AK-NotesAppUITests" */ = {
			isa = XCConfigurationList;
			buildConfigurations = (
				A5A91AB42CBC17600096C858 /* Debug */,
				A5A91AB52CBC17600096C858 /* Release */,
			);
			defaultConfigurationIsVisible = 0;
			defaultConfigurationName = Release;
		};
/* End XCConfigurationList section */

/* Begin XCVersionGroup section */
		A5E99F122CDDDDC6003BF7B0 /* Notes.xcdatamodeld */ = {
			isa = XCVersionGroup;
			children = (
				A5E99F132CDDDDC6003BF7B0 /* Notes.xcdatamodel */,
			);
			currentVersion = A5E99F132CDDDDC6003BF7B0 /* Notes.xcdatamodel */;
			path = Notes.xcdatamodeld;
			sourceTree = "<group>";
			versionGroupType = wrapper.xcdatamodel;
		};
/* End XCVersionGroup section */
	};
	rootObject = A5A91A7A2CBC175E0096C858 /* Project object */;
}
