// !$*UTF8*$!
{
	archiveVersion = 1;
	classes = {
	};
	objectVersion = 56;
	objects = {

/* Begin PBXBuildFile section */
		A5A91ACF2CBC1BC60096C858 /* AK_NotesAppUITests.swift in Sources */ = {isa = PBXBuildFile; fileRef = A5A91ACC2CBC1BC60096C858 /* AK_NotesAppUITests.swift */; };
		A5A91AD02CBC1BC60096C858 /* AK_NotesAppUITestsLaunchTests.swift in Sources */ = {isa = PBXBuildFile; fileRef = A5A91ACD2CBC1BC60096C858 /* AK_NotesAppUITestsLaunchTests.swift */; };
		A5A91ADB2CBC1BC60096C858 /* AppDelegate.swift in Sources */ = {isa = PBXBuildFile; fileRef = A5A91AD12CBC1BC60096C858 /* AppDelegate.swift */; };
		A5A91ADC2CBC1BC60096C858 /* SceneDelegate.swift in Sources */ = {isa = PBXBuildFile; fileRef = A5A91AD82CBC1BC60096C858 /* SceneDelegate.swift */; };
		A5A91ADD2CBC1BC60096C858 /* ViewController.swift in Sources */ = {isa = PBXBuildFile; fileRef = A5A91AD92CBC1BC60096C858 /* ViewController.swift */; };
		A5A91ADE2CBC1BC60096C858 /* Assets.xcassets in Resources */ = {isa = PBXBuildFile; fileRef = A5A91AD22CBC1BC60096C858 /* Assets.xcassets */; };
		A5A91AE02CBC1BC60096C858 /* LaunchScreen.storyboard in Resources */ = {isa = PBXBuildFile; fileRef = A5A91AD52CBC1BC60096C858 /* LaunchScreen.storyboard */; };
		A5A91AE12CBC1BC60096C858 /* Main.storyboard in Resources */ = {isa = PBXBuildFile; fileRef = A5A91AD72CBC1BC60096C858 /* Main.storyboard */; };
		A5A91AE42CBC1BC60096C858 /* AK_NotesAppTests.swift in Sources */ = {isa = PBXBuildFile; fileRef = A5A91AE22CBC1BC60096C858 /* AK_NotesAppTests.swift */; };
/* End PBXBuildFile section */

/* Begin PBXContainerItemProxy section */
		A5A91A992CBC17600096C858 /* PBXContainerItemProxy */ = {
			isa = PBXContainerItemProxy;
			containerPortal = A5A91A7A2CBC175E0096C858 /* Project object */;
			proxyType = 1;
			remoteGlobalIDString = A5A91A812CBC175E0096C858;
			remoteInfo = "AK-NotesApp";
		};
		A5A91AA32CBC17600096C858 /* PBXContainerItemProxy */ = {
			isa = PBXContainerItemProxy;
			containerPortal = A5A91A7A2CBC175E0096C858 /* Project object */;
			proxyType = 1;
			remoteGlobalIDString = A5A91A812CBC175E0096C858;
			remoteInfo = "AK-NotesApp";
		};
/* End PBXContainerItemProxy section */

/* Begin PBXFileReference section */
		A5A91A822CBC175E0096C858 /* AK-NotesApp.app */ = {isa = PBXFileReference; explicitFileType = wrapper.application; includeInIndex = 0; path = "AK-NotesApp.app"; sourceTree = BUILT_PRODUCTS_DIR; };
		A5A91A982CBC17600096C858 /* AK-NotesAppTests.xctest */ = {isa = PBXFileReference; explicitFileType = wrapper.cfbundle; includeInIndex = 0; path = "AK-NotesAppTests.xctest"; sourceTree = BUILT_PRODUCTS_DIR; };
		A5A91AA22CBC17600096C858 /* AK-NotesAppUITests.xctest */ = {isa = PBXFileReference; explicitFileType = wrapper.cfbundle; includeInIndex = 0; path = "AK-NotesAppUITests.xctest"; sourceTree = BUILT_PRODUCTS_DIR; };
		A5A91ACC2CBC1BC60096C858 /* AK_NotesAppUITests.swift */ = {isa = PBXFileReference; lastKnownFileType = sourcecode.swift; path = AK_NotesAppUITests.swift; sourceTree = "<group>"; };
		A5A91ACD2CBC1BC60096C858 /* AK_NotesAppUITestsLaunchTests.swift */ = {isa = PBXFileReference; lastKnownFileType = sourcecode.swift; path = AK_NotesAppUITestsLaunchTests.swift; sourceTree = "<group>"; };
		A5A91AD12CBC1BC60096C858 /* AppDelegate.swift */ = {isa = PBXFileReference; lastKnownFileType = sourcecode.swift; path = AppDelegate.swift; sourceTree = "<group>"; };
		A5A91AD22CBC1BC60096C858 /* Assets.xcassets */ = {isa = PBXFileReference; lastKnownFileType = folder.assetcatalog; path = Assets.xcassets; sourceTree = "<group>"; };
		A5A91AD32CBC1BC60096C858 /* Info.plist */ = {isa = PBXFileReference; lastKnownFileType = text.plist.xml; path = Info.plist; sourceTree = "<group>"; };
		A5A91AD42CBC1BC60096C858 /* Base */ = {isa = PBXFileReference; lastKnownFileType = file.storyboard; name = Base; path = Base.lproj/LaunchScreen.storyboard; sourceTree = "<group>"; };
		A5A91AD62CBC1BC60096C858 /* Base */ = {isa = PBXFileReference; lastKnownFileType = file.storyboard; name = Base; path = Base.lproj/Main.storyboard; sourceTree = "<group>"; };
		A5A91AD82CBC1BC60096C858 /* SceneDelegate.swift */ = {isa = PBXFileReference; lastKnownFileType = sourcecode.swift; path = SceneDelegate.swift; sourceTree = "<group>"; };
		A5A91AD92CBC1BC60096C858 /* ViewController.swift */ = {isa = PBXFileReference; lastKnownFileType = sourcecode.swift; path = ViewController.swift; sourceTree = "<group>"; };
		A5A91AE22CBC1BC60096C858 /* AK_NotesAppTests.swift */ = {isa = PBXFileReference; lastKnownFileType = sourcecode.swift; path = AK_NotesAppTests.swift; sourceTree = "<group>"; };
/* End PBXFileReference section */

/* Begin PBXFrameworksBuildPhase section */
		A5A91A7F2CBC175E0096C858 /* Frameworks */ = {
			isa = PBXFrameworksBuildPhase;
			buildActionMask = 2147483647;
			files = (
			);
			runOnlyForDeploymentPostprocessing = 0;
		};
		A5A91A952CBC17600096C858 /* Frameworks */ = {
			isa = PBXFrameworksBuildPhase;
			buildActionMask = 2147483647;
			files = (
			);
			runOnlyForDeploymentPostprocessing = 0;
		};
		A5A91A9F2CBC17600096C858 /* Frameworks */ = {
			isa = PBXFrameworksBuildPhase;
			buildActionMask = 2147483647;
			files = (
			);
			runOnlyForDeploymentPostprocessing = 0;
		};
/* End PBXFrameworksBuildPhase section */

/* Begin PBXGroup section */
		A5A91A792CBC175E0096C858 = {
			isa = PBXGroup;
			children = (
				A5A91ADA2CBC1BC60096C858 /* AK-NotesApp */,
				A5A91AE32CBC1BC60096C858 /* AK-NotesAppTests */,
				A5A91ACE2CBC1BC60096C858 /* AK-NotesAppUITests */,
				A5A91A832CBC175E0096C858 /* Products */,
			);
			sourceTree = "<group>";
		};
		A5A91A832CBC175E0096C858 /* Products */ = {
			isa = PBXGroup;
			children = (
				A5A91A822CBC175E0096C858 /* AK-NotesApp.app */,
				A5A91A982CBC17600096C858 /* AK-NotesAppTests.xctest */,
				A5A91AA22CBC17600096C858 /* AK-NotesAppUITests.xctest */,
			);
			name = Products;
			sourceTree = "<group>";
		};
		A5A91ACE2CBC1BC60096C858 /* AK-NotesAppUITests */ = {
			isa = PBXGroup;
			children = (
				A5A91ACC2CBC1BC60096C858 /* AK_NotesAppUITests.swift */,
				A5A91ACD2CBC1BC60096C858 /* AK_NotesAppUITestsLaunchTests.swift */,
			);
			path = "AK-NotesAppUITests";
			sourceTree = "<group>";
		};
		A5A91ADA2CBC1BC60096C858 /* AK-NotesApp */ = {
			isa = PBXGroup;
			children = (
				A5A91AD12CBC1BC60096C858 /* AppDelegate.swift */,
				A5A91AD22CBC1BC60096C858 /* Assets.xcassets */,
				A5A91AD32CBC1BC60096C858 /* Info.plist */,
				A5A91AD52CBC1BC60096C858 /* LaunchScreen.storyboard */,
				A5A91AD72CBC1BC60096C858 /* Main.storyboard */,
				A5A91AD82CBC1BC60096C858 /* SceneDelegate.swift */,
				A5A91AD92CBC1BC60096C858 /* ViewController.swift */,
			);
			path = "AK-NotesApp";
			sourceTree = "<group>";
		};
		A5A91AE32CBC1BC60096C858 /* AK-NotesAppTests */ = {
			isa = PBXGroup;
			children = (
				A5A91AE22CBC1BC60096C858 /* AK_NotesAppTests.swift */,
			);
			path = "AK-NotesAppTests";
			sourceTree = "<group>";
		};
/* End PBXGroup section */

/* Begin PBXNativeTarget section */
		A5A91A812CBC175E0096C858 /* AK-NotesApp */ = {
			isa = PBXNativeTarget;
			buildConfigurationList = A5A91AAB2CBC17600096C858 /* Build configuration list for PBXNativeTarget "AK-NotesApp" */;
			buildPhases = (
				A5A91A7E2CBC175E0096C858 /* Sources */,
				A5A91A7F2CBC175E0096C858 /* Frameworks */,
				A5A91A802CBC175E0096C858 /* Resources */,
			);
			buildRules = (
			);
			dependencies = (
			);
			name = "AK-NotesApp";
			packageProductDependencies = (
			);
			productName = "AK-NotesApp";
			productReference = A5A91A822CBC175E0096C858 /* AK-NotesApp.app */;
			productType = "com.apple.product-type.application";
		};
		A5A91A972CBC17600096C858 /* AK-NotesAppTests */ = {
			isa = PBXNativeTarget;
			buildConfigurationList = A5A91AB02CBC17600096C858 /* Build configuration list for PBXNativeTarget "AK-NotesAppTests" */;
			buildPhases = (
				A5A91A942CBC17600096C858 /* Sources */,
				A5A91A952CBC17600096C858 /* Frameworks */,
				A5A91A962CBC17600096C858 /* Resources */,
			);
			buildRules = (
			);
			dependencies = (
				A5A91A9A2CBC17600096C858 /* PBXTargetDependency */,
			);
			name = "AK-NotesAppTests";
			packageProductDependencies = (
			);
			productName = "AK-NotesAppTests";
			productReference = A5A91A982CBC17600096C858 /* AK-NotesAppTests.xctest */;
			productType = "com.apple.product-type.bundle.unit-test";
		};
		A5A91AA12CBC17600096C858 /* AK-NotesAppUITests */ = {
			isa = PBXNativeTarget;
			buildConfigurationList = A5A91AB32CBC17600096C858 /* Build configuration list for PBXNativeTarget "AK-NotesAppUITests" */;
			buildPhases = (
				A5A91A9E2CBC17600096C858 /* Sources */,
				A5A91A9F2CBC17600096C858 /* Frameworks */,
				A5A91AA02CBC17600096C858 /* Resources */,
			);
			buildRules = (
			);
			dependencies = (
				A5A91AA42CBC17600096C858 /* PBXTargetDependency */,
			);
			name = "AK-NotesAppUITests";
			packageProductDependencies = (
			);
			productName = "AK-NotesAppUITests";
			productReference = A5A91AA22CBC17600096C858 /* AK-NotesAppUITests.xctest */;
			productType = "com.apple.product-type.bundle.ui-testing";
		};
/* End PBXNativeTarget section */

/* Begin PBXProject section */
		A5A91A7A2CBC175E0096C858 /* Project object */ = {
			isa = PBXProject;
			attributes = {
				BuildIndependentTargetsInParallel = 1;
				LastSwiftUpdateCheck = 1600;
				LastUpgradeCheck = 1600;
				TargetAttributes = {
					A5A91A812CBC175E0096C858 = {
						CreatedOnToolsVersion = 16.0;
					};
					A5A91A972CBC17600096C858 = {
						CreatedOnToolsVersion = 16.0;
						TestTargetID = A5A91A812CBC175E0096C858;
					};
					A5A91AA12CBC17600096C858 = {
						CreatedOnToolsVersion = 16.0;
						TestTargetID = A5A91A812CBC175E0096C858;
					};
				};
			};
			buildConfigurationList = A5A91A7D2CBC175E0096C858 /* Build configuration list for PBXProject "AK-NotesApp" */;
			developmentRegion = en;
			hasScannedForEncodings = 0;
			knownRegions = (
				en,
				Base,
			);
			mainGroup = A5A91A792CBC175E0096C858;
			minimizedProjectReferenceProxies = 1;
			preferredProjectObjectVersion = 77;
			productRefGroup = A5A91A832CBC175E0096C858 /* Products */;
			projectDirPath = "";
			projectRoot = "";
			targets = (
				A5A91A812CBC175E0096C858 /* AK-NotesApp */,
				A5A91A972CBC17600096C858 /* AK-NotesAppTests */,
				A5A91AA12CBC17600096C858 /* AK-NotesAppUITests */,
			);
		};
/* End PBXProject section */

/* Begin PBXResourcesBuildPhase section */
		A5A91A802CBC175E0096C858 /* Resources */ = {
			isa = PBXResourcesBuildPhase;
			buildActionMask = 2147483647;
			files = (
				A5A91ADE2CBC1BC60096C858 /* Assets.xcassets in Resources */,
				A5A91AE02CBC1BC60096C858 /* LaunchScreen.storyboard in Resources */,
				A5A91AE12CBC1BC60096C858 /* Main.storyboard in Resources */,
			);
			runOnlyForDeploymentPostprocessing = 0;
		};
		A5A91A962CBC17600096C858 /* Resources */ = {
			isa = PBXResourcesBuildPhase;
			buildActionMask = 2147483647;
			files = (
			);
			runOnlyForDeploymentPostprocessing = 0;
		};
		A5A91AA02CBC17600096C858 /* Resources */ = {
			isa = PBXResourcesBuildPhase;
			buildActionMask = 2147483647;
			files = (
			);
			runOnlyForDeploymentPostprocessing = 0;
		};
/* End PBXResourcesBuildPhase section */

/* Begin PBXSourcesBuildPhase section */
		A5A91A7E2CBC175E0096C858 /* Sources */ = {
			isa = PBXSourcesBuildPhase;
			buildActionMask = 2147483647;
			files = (
				A5A91ADB2CBC1BC60096C858 /* AppDelegate.swift in Sources */,
				A5A91ADC2CBC1BC60096C858 /* SceneDelegate.swift in Sources */,
				A5A91ADD2CBC1BC60096C858 /* ViewController.swift in Sources */,
			);
			runOnlyForDeploymentPostprocessing = 0;
		};
		A5A91A942CBC17600096C858 /* Sources */ = {
			isa = PBXSourcesBuildPhase;
			buildActionMask = 2147483647;
			files = (
				A5A91AE42CBC1BC60096C858 /* AK_NotesAppTests.swift in Sources */,
			);
			runOnlyForDeploymentPostprocessing = 0;
		};
		A5A91A9E2CBC17600096C858 /* Sources */ = {
			isa = PBXSourcesBuildPhase;
			buildActionMask = 2147483647;
			files = (
				A5A91ACF2CBC1BC60096C858 /* AK_NotesAppUITests.swift in Sources */,
				A5A91AD02CBC1BC60096C858 /* AK_NotesAppUITestsLaunchTests.swift in Sources */,
			);
			runOnlyForDeploymentPostprocessing = 0;
		};
/* End PBXSourcesBuildPhase section */

/* Begin PBXTargetDependency section */
		A5A91A9A2CBC17600096C858 /* PBXTargetDependency */ = {
			isa = PBXTargetDependency;
			target = A5A91A812CBC175E0096C858 /* AK-NotesApp */;
			targetProxy = A5A91A992CBC17600096C858 /* PBXContainerItemProxy */;
		};
		A5A91AA42CBC17600096C858 /* PBXTargetDependency */ = {
			isa = PBXTargetDependency;
			target = A5A91A812CBC175E0096C858 /* AK-NotesApp */;
			targetProxy = A5A91AA32CBC17600096C858 /* PBXContainerItemProxy */;
		};
/* End PBXTargetDependency section */

/* Begin PBXVariantGroup section */
		A5A91AD52CBC1BC60096C858 /* LaunchScreen.storyboard */ = {
			isa = PBXVariantGroup;
			children = (
				A5A91AD42CBC1BC60096C858 /* Base */,
			);
			name = LaunchScreen.storyboard;
			sourceTree = "<group>";
		};
		A5A91AD72CBC1BC60096C858 /* Main.storyboard */ = {
			isa = PBXVariantGroup;
			children = (
				A5A91AD62CBC1BC60096C858 /* Base */,
			);
			name = Main.storyboard;
			sourceTree = "<group>";
		};
/* End PBXVariantGroup section */

/* Begin XCBuildConfiguration section */
		A5A91AAC2CBC17600096C858 /* Debug */ = {
			isa = XCBuildConfiguration;
			buildSettings = {
				ASSETCATALOG_COMPILER_APPICON_NAME = AppIcon;
				ASSETCATALOG_COMPILER_GLOBAL_ACCENT_COLOR_NAME = AccentColor;
				CODE_SIGN_STYLE = Automatic;
				CURRENT_PROJECT_VERSION = 1;
				DEVELOPMENT_TEAM = 6HX5P2M97J;
				GENERATE_INFOPLIST_FILE = YES;
				INFOPLIST_FILE = "AK-NotesApp/Info.plist";
				INFOPLIST_KEY_UIApplicationSupportsIndirectInputEvents = YES;
				INFOPLIST_KEY_UILaunchStoryboardName = LaunchScreen;
				INFOPLIST_KEY_UIMainStoryboardFile = Main;
				INFOPLIST_KEY_UISupportedInterfaceOrientations_iPad = "UIInterfaceOrientationPortrait UIInterfaceOrientationPortraitUpsideDown UIInterfaceOrientationLandscapeLeft UIInterfaceOrientationLandscapeRight";
				INFOPLIST_KEY_UISupportedInterfaceOrientations_iPhone = "UIInterfaceOrientationPortrait UIInterfaceOrientationLandscapeLeft UIInterfaceOrientationLandscapeRight";
				LD_RUNPATH_SEARCH_PATHS = (
					"$(inherited)",
					"@executable_path/Frameworks",
				);
				MARKETING_VERSION = 1.0;
				PRODUCT_BUNDLE_IDENTIFIER = "Anilkaramis.AK-NotesApp";
				PRODUCT_NAME = "$(TARGET_NAME)";
				SWIFT_EMIT_LOC_STRINGS = YES;
				SWIFT_VERSION = 5.0;
				TARGETED_DEVICE_FAMILY = "1,2";
			};
			name = Debug;
		};
		A5A91AAD2CBC17600096C858 /* Release */ = {
			isa = XCBuildConfiguration;
			buildSettings = {
				ASSETCATALOG_COMPILER_APPICON_NAME = AppIcon;
				ASSETCATALOG_COMPILER_GLOBAL_ACCENT_COLOR_NAME = AccentColor;
				CODE_SIGN_STYLE = Automatic;
				CURRENT_PROJECT_VERSION = 1;
				DEVELOPMENT_TEAM = 6HX5P2M97J;
				GENERATE_INFOPLIST_FILE = YES;
				INFOPLIST_FILE = "AK-NotesApp/Info.plist";
				INFOPLIST_KEY_UIApplicationSupportsIndirectInputEvents = YES;
				INFOPLIST_KEY_UILaunchStoryboardName = LaunchScreen;
				INFOPLIST_KEY_UIMainStoryboardFile = Main;
				INFOPLIST_KEY_UISupportedInterfaceOrientations_iPad = "UIInterfaceOrientationPortrait UIInterfaceOrientationPortraitUpsideDown UIInterfaceOrientationLandscapeLeft UIInterfaceOrientationLandscapeRight";
				INFOPLIST_KEY_UISupportedInterfaceOrientations_iPhone = "UIInterfaceOrientationPortrait UIInterfaceOrientationLandscapeLeft UIInterfaceOrientationLandscapeRight";
				LD_RUNPATH_SEARCH_PATHS = (
					"$(inherited)",
					"@executable_path/Frameworks",
				);
				MARKETING_VERSION = 1.0;
				PRODUCT_BUNDLE_IDENTIFIER = "Anilkaramis.AK-NotesApp";
				PRODUCT_NAME = "$(TARGET_NAME)";
				SWIFT_EMIT_LOC_STRINGS = YES;
				SWIFT_VERSION = 5.0;
				TARGETED_DEVICE_FAMILY = "1,2";
			};
			name = Release;
		};
		A5A91AAE2CBC17600096C858 /* Debug */ = {
			isa = XCBuildConfiguration;
			buildSettings = {
				ALWAYS_SEARCH_USER_PATHS = NO;
				ASSETCATALOG_COMPILER_GENERATE_SWIFT_ASSET_SYMBOL_EXTENSIONS = YES;
				CLANG_ANALYZER_NONNULL = YES;
				CLANG_ANALYZER_NUMBER_OBJECT_CONVERSION = YES_AGGRESSIVE;
				CLANG_CXX_LANGUAGE_STANDARD = "gnu++20";
				CLANG_ENABLE_MODULES = YES;
				CLANG_ENABLE_OBJC_ARC = YES;
				CLANG_ENABLE_OBJC_WEAK = YES;
				CLANG_WARN_BLOCK_CAPTURE_AUTORELEASING = YES;
				CLANG_WARN_BOOL_CONVERSION = YES;
				CLANG_WARN_COMMA = YES;
				CLANG_WARN_CONSTANT_CONVERSION = YES;
				CLANG_WARN_DEPRECATED_OBJC_IMPLEMENTATIONS = YES;
				CLANG_WARN_DIRECT_OBJC_ISA_USAGE = YES_ERROR;
				CLANG_WARN_DOCUMENTATION_COMMENTS = YES;
				CLANG_WARN_EMPTY_BODY = YES;
				CLANG_WARN_ENUM_CONVERSION = YES;
				CLANG_WARN_INFINITE_RECURSION = YES;
				CLANG_WARN_INT_CONVERSION = YES;
				CLANG_WARN_NON_LITERAL_NULL_CONVERSION = YES;
				CLANG_WARN_OBJC_IMPLICIT_RETAIN_SELF = YES;
				CLANG_WARN_OBJC_LITERAL_CONVERSION = YES;
				CLANG_WARN_OBJC_ROOT_CLASS = YES_ERROR;
				CLANG_WARN_QUOTED_INCLUDE_IN_FRAMEWORK_HEADER = YES;
				CLANG_WARN_RANGE_LOOP_ANALYSIS = YES;
				CLANG_WARN_STRICT_PROTOTYPES = YES;
				CLANG_WARN_SUSPICIOUS_MOVE = YES;
				CLANG_WARN_UNGUARDED_AVAILABILITY = YES_AGGRESSIVE;
				CLANG_WARN_UNREACHABLE_CODE = YES;
				CLANG_WARN__DUPLICATE_METHOD_MATCH = YES;
				COPY_PHASE_STRIP = NO;
				DEBUG_INFORMATION_FORMAT = dwarf;
				ENABLE_STRICT_OBJC_MSGSEND = YES;
				ENABLE_TESTABILITY = YES;
				ENABLE_USER_SCRIPT_SANDBOXING = YES;
				GCC_C_LANGUAGE_STANDARD = gnu17;
				GCC_DYNAMIC_NO_PIC = NO;
				GCC_NO_COMMON_BLOCKS = YES;
				GCC_OPTIMIZATION_LEVEL = 0;
				GCC_PREPROCESSOR_DEFINITIONS = (
					"DEBUG=1",
					"$(inherited)",
				);
				GCC_WARN_64_TO_32_BIT_CONVERSION = YES;
				GCC_WARN_ABOUT_RETURN_TYPE = YES_ERROR;
				GCC_WARN_UNDECLARED_SELECTOR = YES;
				GCC_WARN_UNINITIALIZED_AUTOS = YES_AGGRESSIVE;
				GCC_WARN_UNUSED_FUNCTION = YES;
				GCC_WARN_UNUSED_VARIABLE = YES;
				IPHONEOS_DEPLOYMENT_TARGET = 18.0;
				LOCALIZATION_PREFERS_STRING_CATALOGS = YES;
				MTL_ENABLE_DEBUG_INFO = INCLUDE_SOURCE;
				MTL_FAST_MATH = YES;
				ONLY_ACTIVE_ARCH = YES;
				SDKROOT = iphoneos;
				SWIFT_ACTIVE_COMPILATION_CONDITIONS = "DEBUG $(inherited)";
				SWIFT_OPTIMIZATION_LEVEL = "-Onone";
			};
			name = Debug;
		};
		A5A91AAF2CBC17600096C858 /* Release */ = {
			isa = XCBuildConfiguration;
			buildSettings = {
				ALWAYS_SEARCH_USER_PATHS = NO;
				ASSETCATALOG_COMPILER_GENERATE_SWIFT_ASSET_SYMBOL_EXTENSIONS = YES;
				CLANG_ANALYZER_NONNULL = YES;
				CLANG_ANALYZER_NUMBER_OBJECT_CONVERSION = YES_AGGRESSIVE;
				CLANG_CXX_LANGUAGE_STANDARD = "gnu++20";
				CLANG_ENABLE_MODULES = YES;
				CLANG_ENABLE_OBJC_ARC = YES;
				CLANG_ENABLE_OBJC_WEAK = YES;
				CLANG_WARN_BLOCK_CAPTURE_AUTORELEASING = YES;
				CLANG_WARN_BOOL_CONVERSION = YES;
				CLANG_WARN_COMMA = YES;
				CLANG_WARN_CONSTANT_CONVERSION = YES;
				CLANG_WARN_DEPRECATED_OBJC_IMPLEMENTATIONS = YES;
				CLANG_WARN_DIRECT_OBJC_ISA_USAGE = YES_ERROR;
				CLANG_WARN_DOCUMENTATION_COMMENTS = YES;
				CLANG_WARN_EMPTY_BODY = YES;
				CLANG_WARN_ENUM_CONVERSION = YES;
				CLANG_WARN_INFINITE_RECURSION = YES;
				CLANG_WARN_INT_CONVERSION = YES;
				CLANG_WARN_NON_LITERAL_NULL_CONVERSION = YES;
				CLANG_WARN_OBJC_IMPLICIT_RETAIN_SELF = YES;
				CLANG_WARN_OBJC_LITERAL_CONVERSION = YES;
				CLANG_WARN_OBJC_ROOT_CLASS = YES_ERROR;
				CLANG_WARN_QUOTED_INCLUDE_IN_FRAMEWORK_HEADER = YES;
				CLANG_WARN_RANGE_LOOP_ANALYSIS = YES;
				CLANG_WARN_STRICT_PROTOTYPES = YES;
				CLANG_WARN_SUSPICIOUS_MOVE = YES;
				CLANG_WARN_UNGUARDED_AVAILABILITY = YES_AGGRESSIVE;
				CLANG_WARN_UNREACHABLE_CODE = YES;
				CLANG_WARN__DUPLICATE_METHOD_MATCH = YES;
				COPY_PHASE_STRIP = NO;
				DEBUG_INFORMATION_FORMAT = "dwarf-with-dsym";
				ENABLE_NS_ASSERTIONS = NO;
				ENABLE_STRICT_OBJC_MSGSEND = YES;
				ENABLE_USER_SCRIPT_SANDBOXING = YES;
				GCC_C_LANGUAGE_STANDARD = gnu17;
				GCC_NO_COMMON_BLOCKS = YES;
				GCC_WARN_64_TO_32_BIT_CONVERSION = YES;
				GCC_WARN_ABOUT_RETURN_TYPE = YES_ERROR;
				GCC_WARN_UNDECLARED_SELECTOR = YES;
				GCC_WARN_UNINITIALIZED_AUTOS = YES_AGGRESSIVE;
				GCC_WARN_UNUSED_FUNCTION = YES;
				GCC_WARN_UNUSED_VARIABLE = YES;
				IPHONEOS_DEPLOYMENT_TARGET = 18.0;
				LOCALIZATION_PREFERS_STRING_CATALOGS = YES;
				MTL_ENABLE_DEBUG_INFO = NO;
				MTL_FAST_MATH = YES;
				SDKROOT = iphoneos;
				SWIFT_COMPILATION_MODE = wholemodule;
				VALIDATE_PRODUCT = YES;
			};
			name = Release;
		};
		A5A91AB12CBC17600096C858 /* Debug */ = {
			isa = XCBuildConfiguration;
			buildSettings = {
				BUNDLE_LOADER = "$(TEST_HOST)";
				CODE_SIGN_STYLE = Automatic;
				CURRENT_PROJECT_VERSION = 1;
				DEVELOPMENT_TEAM = 6HX5P2M97J;
				GENERATE_INFOPLIST_FILE = YES;
				IPHONEOS_DEPLOYMENT_TARGET = 18.0;
				MARKETING_VERSION = 1.0;
				PRODUCT_BUNDLE_IDENTIFIER = "Anilkaramis.AK-NotesAppTests";
				PRODUCT_NAME = "$(TARGET_NAME)";
				SWIFT_EMIT_LOC_STRINGS = NO;
				SWIFT_VERSION = 5.0;
				TARGETED_DEVICE_FAMILY = "1,2";
				TEST_HOST = "$(BUILT_PRODUCTS_DIR)/AK-NotesApp.app/$(BUNDLE_EXECUTABLE_FOLDER_PATH)/AK-NotesApp";
			};
			name = Debug;
		};
		A5A91AB22CBC17600096C858 /* Release */ = {
			isa = XCBuildConfiguration;
			buildSettings = {
				BUNDLE_LOADER = "$(TEST_HOST)";
				CODE_SIGN_STYLE = Automatic;
				CURRENT_PROJECT_VERSION = 1;
				DEVELOPMENT_TEAM = 6HX5P2M97J;
				GENERATE_INFOPLIST_FILE = YES;
				IPHONEOS_DEPLOYMENT_TARGET = 18.0;
				MARKETING_VERSION = 1.0;
				PRODUCT_BUNDLE_IDENTIFIER = "Anilkaramis.AK-NotesAppTests";
				PRODUCT_NAME = "$(TARGET_NAME)";
				SWIFT_EMIT_LOC_STRINGS = NO;
				SWIFT_VERSION = 5.0;
				TARGETED_DEVICE_FAMILY = "1,2";
				TEST_HOST = "$(BUILT_PRODUCTS_DIR)/AK-NotesApp.app/$(BUNDLE_EXECUTABLE_FOLDER_PATH)/AK-NotesApp";
			};
			name = Release;
		};
		A5A91AB42CBC17600096C858 /* Debug */ = {
			isa = XCBuildConfiguration;
			buildSettings = {
				CODE_SIGN_STYLE = Automatic;
				CURRENT_PROJECT_VERSION = 1;
				DEVELOPMENT_TEAM = 6HX5P2M97J;
				GENERATE_INFOPLIST_FILE = YES;
				MARKETING_VERSION = 1.0;
				PRODUCT_BUNDLE_IDENTIFIER = "Anilkaramis.AK-NotesAppUITests";
				PRODUCT_NAME = "$(TARGET_NAME)";
				SWIFT_EMIT_LOC_STRINGS = NO;
				SWIFT_VERSION = 5.0;
				TARGETED_DEVICE_FAMILY = "1,2";
				TEST_TARGET_NAME = "AK-NotesApp";
			};
			name = Debug;
		};
		A5A91AB52CBC17600096C858 /* Release */ = {
			isa = XCBuildConfiguration;
			buildSettings = {
				CODE_SIGN_STYLE = Automatic;
				CURRENT_PROJECT_VERSION = 1;
				DEVELOPMENT_TEAM = 6HX5P2M97J;
				GENERATE_INFOPLIST_FILE = YES;
				MARKETING_VERSION = 1.0;
				PRODUCT_BUNDLE_IDENTIFIER = "Anilkaramis.AK-NotesAppUITests";
				PRODUCT_NAME = "$(TARGET_NAME)";
				SWIFT_EMIT_LOC_STRINGS = NO;
				SWIFT_VERSION = 5.0;
				TARGETED_DEVICE_FAMILY = "1,2";
				TEST_TARGET_NAME = "AK-NotesApp";
			};
			name = Release;
		};
/* End XCBuildConfiguration section */

/* Begin XCConfigurationList section */
		A5A91A7D2CBC175E0096C858 /* Build configuration list for PBXProject "AK-NotesApp" */ = {
			isa = XCConfigurationList;
			buildConfigurations = (
				A5A91AAE2CBC17600096C858 /* Debug */,
				A5A91AAF2CBC17600096C858 /* Release */,
			);
			defaultConfigurationIsVisible = 0;
			defaultConfigurationName = Release;
		};
		A5A91AAB2CBC17600096C858 /* Build configuration list for PBXNativeTarget "AK-NotesApp" */ = {
			isa = XCConfigurationList;
			buildConfigurations = (
				A5A91AAC2CBC17600096C858 /* Debug */,
				A5A91AAD2CBC17600096C858 /* Release */,
			);
			defaultConfigurationIsVisible = 0;
			defaultConfigurationName = Release;
		};
		A5A91AB02CBC17600096C858 /* Build configuration list for PBXNativeTarget "AK-NotesAppTests" */ = {
			isa = XCConfigurationList;
			buildConfigurations = (
				A5A91AB12CBC17600096C858 /* Debug */,
				A5A91AB22CBC17600096C858 /* Release */,
			);
			defaultConfigurationIsVisible = 0;
			defaultConfigurationName = Release;
		};
		A5A91AB32CBC17600096C858 /* Build configuration list for PBXNativeTarget "AK-NotesAppUITests" */ = {
			isa = XCConfigurationList;
			buildConfigurations = (
				A5A91AB42CBC17600096C858 /* Debug */,
				A5A91AB52CBC17600096C858 /* Release */,
			);
			defaultConfigurationIsVisible = 0;
			defaultConfigurationName = Release;
		};
/* End XCConfigurationList section */
	};
	rootObject = A5A91A7A2CBC175E0096C858 /* Project object */;
}
